
Microsoft Visual Studio Solution File, Format Version 12.00
# Visual Studio Version 17
VisualStudioVersion = 17.0.31903.59
MinimumVisualStudioVersion = 10.0.40219.1
Project("{2150E333-8FDC-42A3-9474-1A3956D46DE8}") = "src", "src", "{A1B2C3D4-E5F6-7890-ABCD-EF1234567890}"
EndProject
Project("{2150E333-8FDC-42A3-9474-1A3956D46DE8}") = "ApiGateway", "ApiGateway", "{B2C3D4E5-F6A7-8901-BCDE-F12345678901}"
EndProject
Project("{2150E333-8FDC-42A3-9474-1A3956D46DE8}") = "GitAnalysis", "GitAnalysis", "{C3D4E5F6-A7B8-9012-CDEF-123456789012}"
EndProject
Project("{2150E333-8FDC-42A3-9474-1A3956D46DE8}") = "RealtimeNotification", "RealtimeNotification", "{D4E5F6A7-B8C9-0123-DEF0-234567890123}"
EndProject
Project("{FAE04EC0-301F-11D3-BF4B-00C04F79EFBC}") = "ApiGateway.ApiGateway", "src\ApiGateway\ApiGateway.ApiGateway.csproj", "{11111111-1111-1111-1111-111111111111}"
EndProject
Project("{FAE04EC0-301F-11D3-BF4B-00C04F79EFBC}") = "GitAnalysis.Api", "src\GitAnalysis\src\GitAnalysis.Api\GitAnalysis.Api.csproj", "{22222222-2222-2222-2222-222222222222}"
EndProject
Project("{FAE04EC0-301F-11D3-BF4B-00C04F79EFBC}") = "GitAnalysis.Core", "src\GitAnalysis\src\GitAnalysis.Core\GitAnalysis.Core.csproj", "{33333333-3333-3333-3333-333333333333}"
EndProject
Project("{FAE04EC0-301F-11D3-BF4B-00C04F79EFBC}") = "GitAnalysis.Infrastructure", "src\GitAnalysis\src\GitAnalysis.Infrastructure\GitAnalysis.Infrastructure.csproj", "{44444444-4444-4444-4444-444444444444}"
EndProject
Project("{FAE04EC0-301F-11D3-BF4B-00C04F79EFBC}") = "RealtimeNotification.Api", "src\RealtimeNotification\src\RealtimeNotification.Api\RealtimeNotification.Api.csproj", "{55555555-5555-5555-5555-555555555555}"
EndProject
Project("{FAE04EC0-301F-11D3-BF4B-00C04F79EFBC}") = "RealtimeNotification.Core", "src\RealtimeNotification\src\RealtimeNotification.Core\RealtimeNotification.Core.csproj", "{66666666-6666-6666-6666-666666666666}"
EndProject
Project("{FAE04EC0-301F-11D3-BF4B-00C04F79EFBC}") = "RealtimeNotification.Infrastructure", "src\RealtimeNotification\src\RealtimeNotification.Infrastructure\RealtimeNotification.Infrastructure.csproj", "{77777777-7777-7777-7777-777777777777}"
EndProject
Project("{2150E333-8FDC-42A3-9474-1A3956D46DE8}") = "tests", "tests", "{0AB3BF05-4346-4AA6-1389-037BE0695223}"
EndProject
Project("{FAE04EC0-301F-11D3-BF4B-00C04F79EFBC}") = "ApiGateway.Tests", "tests\ApiGateway.Tests\ApiGateway.Tests.csproj", "{DFBB2A65-27A3-49C6-B923-CADDBD5F7C22}"
EndProject
Project("{2150E333-8FDC-42A3-9474-1A3956D46DE8}") = "GitAnalysis", "GitAnalysis", "{73CBE67E-4324-2775-6B94-523C69509E62}"
EndProject
Project("{FAE04EC0-301F-11D3-BF4B-00C04F79EFBC}") = "GitAnalysis.Core.Tests", "tests\GitAnalysis\GitAnalysis.Core.Tests\GitAnalysis.Core.Tests.csproj", "{BF6F5A24-0C1C-4B24-9762-D484DC1C1B35}"
EndProject
Project("{FAE04EC0-301F-11D3-BF4B-00C04F79EFBC}") = "GitAnalysis.Api.Tests", "tests\GitAnalysis\GitAnalysis.Api.Tests\GitAnalysis.Api.Tests.csproj", "{153ADEC0-64BD-4AD2-AECA-9C5C1D4E68AB}"
EndProject
Project("{FAE04EC0-301F-11D3-BF4B-00C04F79EFBC}") = "GitAnalysis.Infrastructure.Tests", "tests\GitAnalysis\GitAnalysis.Infrastructure.Tests\GitAnalysis.Infrastructure.Tests.csproj", "{3F658BA5-361F-479D-AAAB-D26C4AE8F4D5}"
EndProject
Project("{2150E333-8FDC-42A3-9474-1A3956D46DE8}") = "RealtimeNotification", "RealtimeNotification", "{968E3E24-CD03-4180-DACF-782C59404B97}"
EndProject
Project("{FAE04EC0-301F-11D3-BF4B-00C04F79EFBC}") = "RealtimeNotification.Infrastructure.Tests", "tests\RealtimeNotification\RealtimeNotification.Infrastructure.Tests\RealtimeNotification.Infrastructure.Tests.csproj", "{1E645801-A868-43AB-8E7A-F5E466018728}"
EndProject
Project("{FAE04EC0-301F-11D3-BF4B-00C04F79EFBC}") = "RealtimeNotification.Core.Tests", "tests\RealtimeNotification\RealtimeNotification.Core.Tests\RealtimeNotification.Core.Tests.csproj", "{9CC09444-6FB3-4B30-847C-C5CF33840528}"
EndProject
Project("{FAE04EC0-301F-11D3-BF4B-00C04F79EFBC}") = "RealtimeNotification.Api.Tests", "tests\RealtimeNotification\RealtimeNotification.Api.Tests\RealtimeNotification.Api.Tests.csproj", "{D9CB503C-E9FF-4A54-9F9B-50EF6D8FA136}"
EndProject
Project("{FAE04EC0-301F-11D3-BF4B-00C04F79EFBC}") = "CodeReviewTool.Tests", "tests\CodeReviewTool.Tests\CodeReviewTool.Tests.csproj", "{F56B61C6-B990-48A6-96C7-4315896E59F2}"
EndProject
Project("{FAE04EC0-301F-11D3-BF4B-00C04F79EFBC}") = "CodeReviewTool.Cli", "src\CodeReviewTool.Cli\CodeReviewTool.Cli.csproj", "{AAF239DB-8036-4159-ACF0-5A0246E62E3C}"
EndProject
Project("{FAE04EC0-301F-11D3-BF4B-00C04F79EFBC}") = "CodeReviewTool.Cli.Tests", "tests\CodeReviewTool.Cli.Tests\CodeReviewTool.Cli.Tests.csproj", "{084682A4-6A3F-4E7E-914B-4E30B38D8F79}"
EndProject
Global
	GlobalSection(SolutionConfigurationPlatforms) = preSolution
		Debug|Any CPU = Debug|Any CPU
		Debug|x64 = Debug|x64
		Debug|x86 = Debug|x86
		Release|Any CPU = Release|Any CPU
		Release|x64 = Release|x64
		Release|x86 = Release|x86
	EndGlobalSection
	GlobalSection(ProjectConfigurationPlatforms) = postSolution
		{11111111-1111-1111-1111-111111111111}.Debug|Any CPU.ActiveCfg = Debug|Any CPU
		{11111111-1111-1111-1111-111111111111}.Debug|Any CPU.Build.0 = Debug|Any CPU
		{11111111-1111-1111-1111-111111111111}.Debug|x64.ActiveCfg = Debug|Any CPU
		{11111111-1111-1111-1111-111111111111}.Debug|x64.Build.0 = Debug|Any CPU
		{11111111-1111-1111-1111-111111111111}.Debug|x86.ActiveCfg = Debug|Any CPU
		{11111111-1111-1111-1111-111111111111}.Debug|x86.Build.0 = Debug|Any CPU
		{11111111-1111-1111-1111-111111111111}.Release|Any CPU.ActiveCfg = Release|Any CPU
		{11111111-1111-1111-1111-111111111111}.Release|Any CPU.Build.0 = Release|Any CPU
		{11111111-1111-1111-1111-111111111111}.Release|x64.ActiveCfg = Release|Any CPU
		{11111111-1111-1111-1111-111111111111}.Release|x64.Build.0 = Release|Any CPU
		{11111111-1111-1111-1111-111111111111}.Release|x86.ActiveCfg = Release|Any CPU
		{11111111-1111-1111-1111-111111111111}.Release|x86.Build.0 = Release|Any CPU
		{22222222-2222-2222-2222-222222222222}.Debug|Any CPU.ActiveCfg = Debug|Any CPU
		{22222222-2222-2222-2222-222222222222}.Debug|Any CPU.Build.0 = Debug|Any CPU
		{22222222-2222-2222-2222-222222222222}.Debug|x64.ActiveCfg = Debug|Any CPU
		{22222222-2222-2222-2222-222222222222}.Debug|x64.Build.0 = Debug|Any CPU
		{22222222-2222-2222-2222-222222222222}.Debug|x86.ActiveCfg = Debug|Any CPU
		{22222222-2222-2222-2222-222222222222}.Debug|x86.Build.0 = Debug|Any CPU
		{22222222-2222-2222-2222-222222222222}.Release|Any CPU.ActiveCfg = Release|Any CPU
		{22222222-2222-2222-2222-222222222222}.Release|Any CPU.Build.0 = Release|Any CPU
		{22222222-2222-2222-2222-222222222222}.Release|x64.ActiveCfg = Release|Any CPU
		{22222222-2222-2222-2222-222222222222}.Release|x64.Build.0 = Release|Any CPU
		{22222222-2222-2222-2222-222222222222}.Release|x86.ActiveCfg = Release|Any CPU
		{22222222-2222-2222-2222-222222222222}.Release|x86.Build.0 = Release|Any CPU
		{33333333-3333-3333-3333-333333333333}.Debug|Any CPU.ActiveCfg = Debug|Any CPU
		{33333333-3333-3333-3333-333333333333}.Debug|Any CPU.Build.0 = Debug|Any CPU
		{33333333-3333-3333-3333-333333333333}.Debug|x64.ActiveCfg = Debug|Any CPU
		{33333333-3333-3333-3333-333333333333}.Debug|x64.Build.0 = Debug|Any CPU
		{33333333-3333-3333-3333-333333333333}.Debug|x86.ActiveCfg = Debug|Any CPU
		{33333333-3333-3333-3333-333333333333}.Debug|x86.Build.0 = Debug|Any CPU
		{33333333-3333-3333-3333-333333333333}.Release|Any CPU.ActiveCfg = Release|Any CPU
		{33333333-3333-3333-3333-333333333333}.Release|Any CPU.Build.0 = Release|Any CPU
		{33333333-3333-3333-3333-333333333333}.Release|x64.ActiveCfg = Release|Any CPU
		{33333333-3333-3333-3333-333333333333}.Release|x64.Build.0 = Release|Any CPU
		{33333333-3333-3333-3333-333333333333}.Release|x86.ActiveCfg = Release|Any CPU
		{33333333-3333-3333-3333-333333333333}.Release|x86.Build.0 = Release|Any CPU
		{44444444-4444-4444-4444-444444444444}.Debug|Any CPU.ActiveCfg = Debug|Any CPU
		{44444444-4444-4444-4444-444444444444}.Debug|Any CPU.Build.0 = Debug|Any CPU
		{44444444-4444-4444-4444-444444444444}.Debug|x64.ActiveCfg = Debug|Any CPU
		{44444444-4444-4444-4444-444444444444}.Debug|x64.Build.0 = Debug|Any CPU
		{44444444-4444-4444-4444-444444444444}.Debug|x86.ActiveCfg = Debug|Any CPU
		{44444444-4444-4444-4444-444444444444}.Debug|x86.Build.0 = Debug|Any CPU
		{44444444-4444-4444-4444-444444444444}.Release|Any CPU.ActiveCfg = Release|Any CPU
		{44444444-4444-4444-4444-444444444444}.Release|Any CPU.Build.0 = Release|Any CPU
		{44444444-4444-4444-4444-444444444444}.Release|x64.ActiveCfg = Release|Any CPU
		{44444444-4444-4444-4444-444444444444}.Release|x64.Build.0 = Release|Any CPU
		{44444444-4444-4444-4444-444444444444}.Release|x86.ActiveCfg = Release|Any CPU
		{44444444-4444-4444-4444-444444444444}.Release|x86.Build.0 = Release|Any CPU
		{55555555-5555-5555-5555-555555555555}.Debug|Any CPU.ActiveCfg = Debug|Any CPU
		{55555555-5555-5555-5555-555555555555}.Debug|Any CPU.Build.0 = Debug|Any CPU
		{55555555-5555-5555-5555-555555555555}.Debug|x64.ActiveCfg = Debug|Any CPU
		{55555555-5555-5555-5555-555555555555}.Debug|x64.Build.0 = Debug|Any CPU
		{55555555-5555-5555-5555-555555555555}.Debug|x86.ActiveCfg = Debug|Any CPU
		{55555555-5555-5555-5555-555555555555}.Debug|x86.Build.0 = Debug|Any CPU
		{55555555-5555-5555-5555-555555555555}.Release|Any CPU.ActiveCfg = Release|Any CPU
		{55555555-5555-5555-5555-555555555555}.Release|Any CPU.Build.0 = Release|Any CPU
		{55555555-5555-5555-5555-555555555555}.Release|x64.ActiveCfg = Release|Any CPU
		{55555555-5555-5555-5555-555555555555}.Release|x64.Build.0 = Release|Any CPU
		{55555555-5555-5555-5555-555555555555}.Release|x86.ActiveCfg = Release|Any CPU
		{55555555-5555-5555-5555-555555555555}.Release|x86.Build.0 = Release|Any CPU
		{66666666-6666-6666-6666-666666666666}.Debug|Any CPU.ActiveCfg = Debug|Any CPU
		{66666666-6666-6666-6666-666666666666}.Debug|Any CPU.Build.0 = Debug|Any CPU
		{66666666-6666-6666-6666-666666666666}.Debug|x64.ActiveCfg = Debug|Any CPU
		{66666666-6666-6666-6666-666666666666}.Debug|x64.Build.0 = Debug|Any CPU
		{66666666-6666-6666-6666-666666666666}.Debug|x86.ActiveCfg = Debug|Any CPU
		{66666666-6666-6666-6666-666666666666}.Debug|x86.Build.0 = Debug|Any CPU
		{66666666-6666-6666-6666-666666666666}.Release|Any CPU.ActiveCfg = Release|Any CPU
		{66666666-6666-6666-6666-666666666666}.Release|Any CPU.Build.0 = Release|Any CPU
		{66666666-6666-6666-6666-666666666666}.Release|x64.ActiveCfg = Release|Any CPU
		{66666666-6666-6666-6666-666666666666}.Release|x64.Build.0 = Release|Any CPU
		{66666666-6666-6666-6666-666666666666}.Release|x86.ActiveCfg = Release|Any CPU
		{66666666-6666-6666-6666-666666666666}.Release|x86.Build.0 = Release|Any CPU
		{77777777-7777-7777-7777-777777777777}.Debug|Any CPU.ActiveCfg = Debug|Any CPU
		{77777777-7777-7777-7777-777777777777}.Debug|Any CPU.Build.0 = Debug|Any CPU
		{77777777-7777-7777-7777-777777777777}.Debug|x64.ActiveCfg = Debug|Any CPU
		{77777777-7777-7777-7777-777777777777}.Debug|x64.Build.0 = Debug|Any CPU
		{77777777-7777-7777-7777-777777777777}.Debug|x86.ActiveCfg = Debug|Any CPU
		{77777777-7777-7777-7777-777777777777}.Debug|x86.Build.0 = Debug|Any CPU
		{77777777-7777-7777-7777-777777777777}.Release|Any CPU.ActiveCfg = Release|Any CPU
		{77777777-7777-7777-7777-777777777777}.Release|Any CPU.Build.0 = Release|Any CPU
		{77777777-7777-7777-7777-777777777777}.Release|x64.ActiveCfg = Release|Any CPU
		{77777777-7777-7777-7777-777777777777}.Release|x64.Build.0 = Release|Any CPU
		{77777777-7777-7777-7777-777777777777}.Release|x86.ActiveCfg = Release|Any CPU
		{77777777-7777-7777-7777-777777777777}.Release|x86.Build.0 = Release|Any CPU
		{DFBB2A65-27A3-49C6-B923-CADDBD5F7C22}.Debug|Any CPU.ActiveCfg = Debug|Any CPU
		{DFBB2A65-27A3-49C6-B923-CADDBD5F7C22}.Debug|Any CPU.Build.0 = Debug|Any CPU
		{DFBB2A65-27A3-49C6-B923-CADDBD5F7C22}.Debug|x64.ActiveCfg = Debug|Any CPU
		{DFBB2A65-27A3-49C6-B923-CADDBD5F7C22}.Debug|x64.Build.0 = Debug|Any CPU
		{DFBB2A65-27A3-49C6-B923-CADDBD5F7C22}.Debug|x86.ActiveCfg = Debug|Any CPU
		{DFBB2A65-27A3-49C6-B923-CADDBD5F7C22}.Debug|x86.Build.0 = Debug|Any CPU
		{DFBB2A65-27A3-49C6-B923-CADDBD5F7C22}.Release|Any CPU.ActiveCfg = Release|Any CPU
		{DFBB2A65-27A3-49C6-B923-CADDBD5F7C22}.Release|Any CPU.Build.0 = Release|Any CPU
		{DFBB2A65-27A3-49C6-B923-CADDBD5F7C22}.Release|x64.ActiveCfg = Release|Any CPU
		{DFBB2A65-27A3-49C6-B923-CADDBD5F7C22}.Release|x64.Build.0 = Release|Any CPU
		{DFBB2A65-27A3-49C6-B923-CADDBD5F7C22}.Release|x86.ActiveCfg = Release|Any CPU
		{DFBB2A65-27A3-49C6-B923-CADDBD5F7C22}.Release|x86.Build.0 = Release|Any CPU
		{BF6F5A24-0C1C-4B24-9762-D484DC1C1B35}.Debug|Any CPU.ActiveCfg = Debug|Any CPU
		{BF6F5A24-0C1C-4B24-9762-D484DC1C1B35}.Debug|Any CPU.Build.0 = Debug|Any CPU
		{BF6F5A24-0C1C-4B24-9762-D484DC1C1B35}.Debug|x64.ActiveCfg = Debug|Any CPU
		{BF6F5A24-0C1C-4B24-9762-D484DC1C1B35}.Debug|x64.Build.0 = Debug|Any CPU
		{BF6F5A24-0C1C-4B24-9762-D484DC1C1B35}.Debug|x86.ActiveCfg = Debug|Any CPU
		{BF6F5A24-0C1C-4B24-9762-D484DC1C1B35}.Debug|x86.Build.0 = Debug|Any CPU
		{BF6F5A24-0C1C-4B24-9762-D484DC1C1B35}.Release|Any CPU.ActiveCfg = Release|Any CPU
		{BF6F5A24-0C1C-4B24-9762-D484DC1C1B35}.Release|Any CPU.Build.0 = Release|Any CPU
		{BF6F5A24-0C1C-4B24-9762-D484DC1C1B35}.Release|x64.ActiveCfg = Release|Any CPU
		{BF6F5A24-0C1C-4B24-9762-D484DC1C1B35}.Release|x64.Build.0 = Release|Any CPU
		{BF6F5A24-0C1C-4B24-9762-D484DC1C1B35}.Release|x86.ActiveCfg = Release|Any CPU
		{BF6F5A24-0C1C-4B24-9762-D484DC1C1B35}.Release|x86.Build.0 = Release|Any CPU
		{153ADEC0-64BD-4AD2-AECA-9C5C1D4E68AB}.Debug|Any CPU.ActiveCfg = Debug|Any CPU
		{153ADEC0-64BD-4AD2-AECA-9C5C1D4E68AB}.Debug|Any CPU.Build.0 = Debug|Any CPU
		{153ADEC0-64BD-4AD2-AECA-9C5C1D4E68AB}.Debug|x64.ActiveCfg = Debug|Any CPU
		{153ADEC0-64BD-4AD2-AECA-9C5C1D4E68AB}.Debug|x64.Build.0 = Debug|Any CPU
		{153ADEC0-64BD-4AD2-AECA-9C5C1D4E68AB}.Debug|x86.ActiveCfg = Debug|Any CPU
		{153ADEC0-64BD-4AD2-AECA-9C5C1D4E68AB}.Debug|x86.Build.0 = Debug|Any CPU
		{153ADEC0-64BD-4AD2-AECA-9C5C1D4E68AB}.Release|Any CPU.ActiveCfg = Release|Any CPU
		{153ADEC0-64BD-4AD2-AECA-9C5C1D4E68AB}.Release|Any CPU.Build.0 = Release|Any CPU
		{153ADEC0-64BD-4AD2-AECA-9C5C1D4E68AB}.Release|x64.ActiveCfg = Release|Any CPU
		{153ADEC0-64BD-4AD2-AECA-9C5C1D4E68AB}.Release|x64.Build.0 = Release|Any CPU
		{153ADEC0-64BD-4AD2-AECA-9C5C1D4E68AB}.Release|x86.ActiveCfg = Release|Any CPU
		{153ADEC0-64BD-4AD2-AECA-9C5C1D4E68AB}.Release|x86.Build.0 = Release|Any CPU
		{3F658BA5-361F-479D-AAAB-D26C4AE8F4D5}.Debug|Any CPU.ActiveCfg = Debug|Any CPU
		{3F658BA5-361F-479D-AAAB-D26C4AE8F4D5}.Debug|Any CPU.Build.0 = Debug|Any CPU
		{3F658BA5-361F-479D-AAAB-D26C4AE8F4D5}.Debug|x64.ActiveCfg = Debug|Any CPU
		{3F658BA5-361F-479D-AAAB-D26C4AE8F4D5}.Debug|x64.Build.0 = Debug|Any CPU
		{3F658BA5-361F-479D-AAAB-D26C4AE8F4D5}.Debug|x86.ActiveCfg = Debug|Any CPU
		{3F658BA5-361F-479D-AAAB-D26C4AE8F4D5}.Debug|x86.Build.0 = Debug|Any CPU
		{3F658BA5-361F-479D-AAAB-D26C4AE8F4D5}.Release|Any CPU.ActiveCfg = Release|Any CPU
		{3F658BA5-361F-479D-AAAB-D26C4AE8F4D5}.Release|Any CPU.Build.0 = Release|Any CPU
		{3F658BA5-361F-479D-AAAB-D26C4AE8F4D5}.Release|x64.ActiveCfg = Release|Any CPU
		{3F658BA5-361F-479D-AAAB-D26C4AE8F4D5}.Release|x64.Build.0 = Release|Any CPU
		{3F658BA5-361F-479D-AAAB-D26C4AE8F4D5}.Release|x86.ActiveCfg = Release|Any CPU
		{3F658BA5-361F-479D-AAAB-D26C4AE8F4D5}.Release|x86.Build.0 = Release|Any CPU
		{1E645801-A868-43AB-8E7A-F5E466018728}.Debug|Any CPU.ActiveCfg = Debug|Any CPU
		{1E645801-A868-43AB-8E7A-F5E466018728}.Debug|Any CPU.Build.0 = Debug|Any CPU
		{1E645801-A868-43AB-8E7A-F5E466018728}.Debug|x64.ActiveCfg = Debug|Any CPU
		{1E645801-A868-43AB-8E7A-F5E466018728}.Debug|x64.Build.0 = Debug|Any CPU
		{1E645801-A868-43AB-8E7A-F5E466018728}.Debug|x86.ActiveCfg = Debug|Any CPU
		{1E645801-A868-43AB-8E7A-F5E466018728}.Debug|x86.Build.0 = Debug|Any CPU
		{1E645801-A868-43AB-8E7A-F5E466018728}.Release|Any CPU.ActiveCfg = Release|Any CPU
		{1E645801-A868-43AB-8E7A-F5E466018728}.Release|Any CPU.Build.0 = Release|Any CPU
		{1E645801-A868-43AB-8E7A-F5E466018728}.Release|x64.ActiveCfg = Release|Any CPU
		{1E645801-A868-43AB-8E7A-F5E466018728}.Release|x64.Build.0 = Release|Any CPU
		{1E645801-A868-43AB-8E7A-F5E466018728}.Release|x86.ActiveCfg = Release|Any CPU
		{1E645801-A868-43AB-8E7A-F5E466018728}.Release|x86.Build.0 = Release|Any CPU
		{9CC09444-6FB3-4B30-847C-C5CF33840528}.Debug|Any CPU.ActiveCfg = Debug|Any CPU
		{9CC09444-6FB3-4B30-847C-C5CF33840528}.Debug|Any CPU.Build.0 = Debug|Any CPU
		{9CC09444-6FB3-4B30-847C-C5CF33840528}.Debug|x64.ActiveCfg = Debug|Any CPU
		{9CC09444-6FB3-4B30-847C-C5CF33840528}.Debug|x64.Build.0 = Debug|Any CPU
		{9CC09444-6FB3-4B30-847C-C5CF33840528}.Debug|x86.ActiveCfg = Debug|Any CPU
		{9CC09444-6FB3-4B30-847C-C5CF33840528}.Debug|x86.Build.0 = Debug|Any CPU
		{9CC09444-6FB3-4B30-847C-C5CF33840528}.Release|Any CPU.ActiveCfg = Release|Any CPU
		{9CC09444-6FB3-4B30-847C-C5CF33840528}.Release|Any CPU.Build.0 = Release|Any CPU
		{9CC09444-6FB3-4B30-847C-C5CF33840528}.Release|x64.ActiveCfg = Release|Any CPU
		{9CC09444-6FB3-4B30-847C-C5CF33840528}.Release|x64.Build.0 = Release|Any CPU
		{9CC09444-6FB3-4B30-847C-C5CF33840528}.Release|x86.ActiveCfg = Release|Any CPU
		{9CC09444-6FB3-4B30-847C-C5CF33840528}.Release|x86.Build.0 = Release|Any CPU
		{D9CB503C-E9FF-4A54-9F9B-50EF6D8FA136}.Debug|Any CPU.ActiveCfg = Debug|Any CPU
		{D9CB503C-E9FF-4A54-9F9B-50EF6D8FA136}.Debug|Any CPU.Build.0 = Debug|Any CPU
		{D9CB503C-E9FF-4A54-9F9B-50EF6D8FA136}.Debug|x64.ActiveCfg = Debug|Any CPU
		{D9CB503C-E9FF-4A54-9F9B-50EF6D8FA136}.Debug|x64.Build.0 = Debug|Any CPU
		{D9CB503C-E9FF-4A54-9F9B-50EF6D8FA136}.Debug|x86.ActiveCfg = Debug|Any CPU
		{D9CB503C-E9FF-4A54-9F9B-50EF6D8FA136}.Debug|x86.Build.0 = Debug|Any CPU
		{D9CB503C-E9FF-4A54-9F9B-50EF6D8FA136}.Release|Any CPU.ActiveCfg = Release|Any CPU
		{D9CB503C-E9FF-4A54-9F9B-50EF6D8FA136}.Release|Any CPU.Build.0 = Release|Any CPU
		{D9CB503C-E9FF-4A54-9F9B-50EF6D8FA136}.Release|x64.ActiveCfg = Release|Any CPU
		{D9CB503C-E9FF-4A54-9F9B-50EF6D8FA136}.Release|x64.Build.0 = Release|Any CPU
		{D9CB503C-E9FF-4A54-9F9B-50EF6D8FA136}.Release|x86.ActiveCfg = Release|Any CPU
		{D9CB503C-E9FF-4A54-9F9B-50EF6D8FA136}.Release|x86.Build.0 = Release|Any CPU
		{F56B61C6-B990-48A6-96C7-4315896E59F2}.Debug|Any CPU.ActiveCfg = Debug|Any CPU
		{F56B61C6-B990-48A6-96C7-4315896E59F2}.Debug|Any CPU.Build.0 = Debug|Any CPU
		{F56B61C6-B990-48A6-96C7-4315896E59F2}.Debug|x64.ActiveCfg = Debug|Any CPU
		{F56B61C6-B990-48A6-96C7-4315896E59F2}.Debug|x64.Build.0 = Debug|Any CPU
		{F56B61C6-B990-48A6-96C7-4315896E59F2}.Debug|x86.ActiveCfg = Debug|Any CPU
		{F56B61C6-B990-48A6-96C7-4315896E59F2}.Debug|x86.Build.0 = Debug|Any CPU
		{F56B61C6-B990-48A6-96C7-4315896E59F2}.Release|Any CPU.ActiveCfg = Release|Any CPU
		{F56B61C6-B990-48A6-96C7-4315896E59F2}.Release|Any CPU.Build.0 = Release|Any CPU
		{F56B61C6-B990-48A6-96C7-4315896E59F2}.Release|x64.ActiveCfg = Release|Any CPU
		{F56B61C6-B990-48A6-96C7-4315896E59F2}.Release|x64.Build.0 = Release|Any CPU
		{F56B61C6-B990-48A6-96C7-4315896E59F2}.Release|x86.ActiveCfg = Release|Any CPU
		{F56B61C6-B990-48A6-96C7-4315896E59F2}.Release|x86.Build.0 = Release|Any CPU
		{AAF239DB-8036-4159-ACF0-5A0246E62E3C}.Debug|Any CPU.ActiveCfg = Debug|Any CPU
		{AAF239DB-8036-4159-ACF0-5A0246E62E3C}.Debug|Any CPU.Build.0 = Debug|Any CPU
		{AAF239DB-8036-4159-ACF0-5A0246E62E3C}.Debug|x64.ActiveCfg = Debug|Any CPU
		{AAF239DB-8036-4159-ACF0-5A0246E62E3C}.Debug|x64.Build.0 = Debug|Any CPU
		{AAF239DB-8036-4159-ACF0-5A0246E62E3C}.Debug|x86.ActiveCfg = Debug|Any CPU
		{AAF239DB-8036-4159-ACF0-5A0246E62E3C}.Debug|x86.Build.0 = Debug|Any CPU
		{AAF239DB-8036-4159-ACF0-5A0246E62E3C}.Release|Any CPU.ActiveCfg = Release|Any CPU
		{AAF239DB-8036-4159-ACF0-5A0246E62E3C}.Release|Any CPU.Build.0 = Release|Any CPU
		{AAF239DB-8036-4159-ACF0-5A0246E62E3C}.Release|x64.ActiveCfg = Release|Any CPU
		{AAF239DB-8036-4159-ACF0-5A0246E62E3C}.Release|x64.Build.0 = Release|Any CPU
		{AAF239DB-8036-4159-ACF0-5A0246E62E3C}.Release|x86.ActiveCfg = Release|Any CPU
		{AAF239DB-8036-4159-ACF0-5A0246E62E3C}.Release|x86.Build.0 = Release|Any CPU
		{084682A4-6A3F-4E7E-914B-4E30B38D8F79}.Debug|Any CPU.ActiveCfg = Debug|Any CPU
		{084682A4-6A3F-4E7E-914B-4E30B38D8F79}.Debug|Any CPU.Build.0 = Debug|Any CPU
		{084682A4-6A3F-4E7E-914B-4E30B38D8F79}.Debug|x64.ActiveCfg = Debug|Any CPU
		{084682A4-6A3F-4E7E-914B-4E30B38D8F79}.Debug|x64.Build.0 = Debug|Any CPU
		{084682A4-6A3F-4E7E-914B-4E30B38D8F79}.Debug|x86.ActiveCfg = Debug|Any CPU
		{084682A4-6A3F-4E7E-914B-4E30B38D8F79}.Debug|x86.Build.0 = Debug|Any CPU
		{084682A4-6A3F-4E7E-914B-4E30B38D8F79}.Release|Any CPU.ActiveCfg = Release|Any CPU
		{084682A4-6A3F-4E7E-914B-4E30B38D8F79}.Release|Any CPU.Build.0 = Release|Any CPU
		{084682A4-6A3F-4E7E-914B-4E30B38D8F79}.Release|x64.ActiveCfg = Release|Any CPU
		{084682A4-6A3F-4E7E-914B-4E30B38D8F79}.Release|x64.Build.0 = Release|Any CPU
		{084682A4-6A3F-4E7E-914B-4E30B38D8F79}.Release|x86.ActiveCfg = Release|Any CPU
		{084682A4-6A3F-4E7E-914B-4E30B38D8F79}.Release|x86.Build.0 = Release|Any CPU
	EndGlobalSection
	GlobalSection(SolutionProperties) = preSolution
		HideSolutionNode = FALSE
	EndGlobalSection
	GlobalSection(NestedProjects) = preSolution
		{B2C3D4E5-F6A7-8901-BCDE-F12345678901} = {A1B2C3D4-E5F6-7890-ABCD-EF1234567890}
		{C3D4E5F6-A7B8-9012-CDEF-123456789012} = {A1B2C3D4-E5F6-7890-ABCD-EF1234567890}
		{D4E5F6A7-B8C9-0123-DEF0-234567890123} = {A1B2C3D4-E5F6-7890-ABCD-EF1234567890}
		{11111111-1111-1111-1111-111111111111} = {B2C3D4E5-F6A7-8901-BCDE-F12345678901}
		{22222222-2222-2222-2222-222222222222} = {C3D4E5F6-A7B8-9012-CDEF-123456789012}
		{33333333-3333-3333-3333-333333333333} = {C3D4E5F6-A7B8-9012-CDEF-123456789012}
		{44444444-4444-4444-4444-444444444444} = {C3D4E5F6-A7B8-9012-CDEF-123456789012}
		{55555555-5555-5555-5555-555555555555} = {D4E5F6A7-B8C9-0123-DEF0-234567890123}
		{66666666-6666-6666-6666-666666666666} = {D4E5F6A7-B8C9-0123-DEF0-234567890123}
		{77777777-7777-7777-7777-777777777777} = {D4E5F6A7-B8C9-0123-DEF0-234567890123}
		{DFBB2A65-27A3-49C6-B923-CADDBD5F7C22} = {0AB3BF05-4346-4AA6-1389-037BE0695223}
		{73CBE67E-4324-2775-6B94-523C69509E62} = {0AB3BF05-4346-4AA6-1389-037BE0695223}
		{BF6F5A24-0C1C-4B24-9762-D484DC1C1B35} = {73CBE67E-4324-2775-6B94-523C69509E62}
		{153ADEC0-64BD-4AD2-AECA-9C5C1D4E68AB} = {73CBE67E-4324-2775-6B94-523C69509E62}
		{3F658BA5-361F-479D-AAAB-D26C4AE8F4D5} = {73CBE67E-4324-2775-6B94-523C69509E62}
		{968E3E24-CD03-4180-DACF-782C59404B97} = {0AB3BF05-4346-4AA6-1389-037BE0695223}
		{1E645801-A868-43AB-8E7A-F5E466018728} = {968E3E24-CD03-4180-DACF-782C59404B97}
		{9CC09444-6FB3-4B30-847C-C5CF33840528} = {968E3E24-CD03-4180-DACF-782C59404B97}
		{D9CB503C-E9FF-4A54-9F9B-50EF6D8FA136} = {968E3E24-CD03-4180-DACF-782C59404B97}
		{F56B61C6-B990-48A6-96C7-4315896E59F2} = {0AB3BF05-4346-4AA6-1389-037BE0695223}
		{AAF239DB-8036-4159-ACF0-5A0246E62E3C} = {A1B2C3D4-E5F6-7890-ABCD-EF1234567890}
		{084682A4-6A3F-4E7E-914B-4E30B38D8F79} = {0AB3BF05-4346-4AA6-1389-037BE0695223}
	EndGlobalSection
EndGlobal
