
Microsoft Visual Studio Solution File, Format Version 12.00
# Visual Studio Version 17
VisualStudioVersion = 17.0.31903.59
MinimumVisualStudioVersion = 10.0.40219.1
Project("{2150E333-8FDC-42A3-9474-1A3956D46DE8}") = "src", "src", "{827E0CD3-B72D-47B6-A68D-7590B98EB39B}"
EndProject
Project("{FAE04EC0-301F-11D3-BF4B-00C04F79EFBC}") = "ReportingService.Core", "src\ReportingService.Core\ReportingService.Core.csproj", "{721017F8-5DE1-4581-A40B-98F1EF9D5BD7}"
EndProject
Project("{FAE04EC0-301F-11D3-BF4B-00C04F79EFBC}") = "ReportingService.Infrastructure", "src\ReportingService.Infrastructure\ReportingService.Infrastructure.csproj", "{4655AB9D-0013-44EA-A25E-14F5624050FD}"
EndProject
Project("{FAE04EC0-301F-11D3-BF4B-00C04F79EFBC}") = "ReportingService.Api", "src\ReportingService.Api\ReportingService.Api.csproj", "{5FB683C4-272D-4659-9236-0519EFB928F5}"
EndProject
Global
	GlobalSection(SolutionConfigurationPlatforms) = preSolution
		Debug|Any CPU = Debug|Any CPU
		Debug|x64 = Debug|x64
		Debug|x86 = Debug|x86
		Release|Any CPU = Release|Any CPU
		Release|x64 = Release|x64
		Release|x86 = Release|x86
	EndGlobalSection
	GlobalSection(ProjectConfigurationPlatforms) = postSolution
		{721017F8-5DE1-4581-A40B-98F1EF9D5BD7}.Debug|Any CPU.ActiveCfg = Debug|Any CPU
		{721017F8-5DE1-4581-A40B-98F1EF9D5BD7}.Debug|Any CPU.Build.0 = Debug|Any CPU
		{721017F8-5DE1-4581-A40B-98F1EF9D5BD7}.Debug|x64.ActiveCfg = Debug|Any CPU
		{721017F8-5DE1-4581-A40B-98F1EF9D5BD7}.Debug|x64.Build.0 = Debug|Any CPU
		{721017F8-5DE1-4581-A40B-98F1EF9D5BD7}.Debug|x86.ActiveCfg = Debug|Any CPU
		{721017F8-5DE1-4581-A40B-98F1EF9D5BD7}.Debug|x86.Build.0 = Debug|Any CPU
		{721017F8-5DE1-4581-A40B-98F1EF9D5BD7}.Release|Any CPU.ActiveCfg = Release|Any CPU
		{721017F8-5DE1-4581-A40B-98F1EF9D5BD7}.Release|Any CPU.Build.0 = Release|Any CPU
		{721017F8-5DE1-4581-A40B-98F1EF9D5BD7}.Release|x64.ActiveCfg = Release|Any CPU
		{721017F8-5DE1-4581-A40B-98F1EF9D5BD7}.Release|x64.Build.0 = Release|Any CPU
		{721017F8-5DE1-4581-A40B-98F1EF9D5BD7}.Release|x86.ActiveCfg = Release|Any CPU
		{721017F8-5DE1-4581-A40B-98F1EF9D5BD7}.Release|x86.Build.0 = Release|Any CPU
		{4655AB9D-0013-44EA-A25E-14F5624050FD}.Debug|Any CPU.ActiveCfg = Debug|Any CPU
		{4655AB9D-0013-44EA-A25E-14F5624050FD}.Debug|Any CPU.Build.0 = Debug|Any CPU
		{4655AB9D-0013-44EA-A25E-14F5624050FD}.Debug|x64.ActiveCfg = Debug|Any CPU
		{4655AB9D-0013-44EA-A25E-14F5624050FD}.Debug|x64.Build.0 = Debug|Any CPU
		{4655AB9D-0013-44EA-A25E-14F5624050FD}.Debug|x86.ActiveCfg = Debug|Any CPU
		{4655AB9D-0013-44EA-A25E-14F5624050FD}.Debug|x86.Build.0 = Debug|Any CPU
		{4655AB9D-0013-44EA-A25E-14F5624050FD}.Release|Any CPU.ActiveCfg = Release|Any CPU
		{4655AB9D-0013-44EA-A25E-14F5624050FD}.Release|Any CPU.Build.0 = Release|Any CPU
		{4655AB9D-0013-44EA-A25E-14F5624050FD}.Release|x64.ActiveCfg = Release|Any CPU
		{4655AB9D-0013-44EA-A25E-14F5624050FD}.Release|x64.Build.0 = Release|Any CPU
		{4655AB9D-0013-44EA-A25E-14F5624050FD}.Release|x86.ActiveCfg = Release|Any CPU
		{4655AB9D-0013-44EA-A25E-14F5624050FD}.Release|x86.Build.0 = Release|Any CPU
		{5FB683C4-272D-4659-9236-0519EFB928F5}.Debug|Any CPU.ActiveCfg = Debug|Any CPU
		{5FB683C4-272D-4659-9236-0519EFB928F5}.Debug|Any CPU.Build.0 = Debug|Any CPU
		{5FB683C4-272D-4659-9236-0519EFB928F5}.Debug|x64.ActiveCfg = Debug|Any CPU
		{5FB683C4-272D-4659-9236-0519EFB928F5}.Debug|x64.Build.0 = Debug|Any CPU
		{5FB683C4-272D-4659-9236-0519EFB928F5}.Debug|x86.ActiveCfg = Debug|Any CPU
		{5FB683C4-272D-4659-9236-0519EFB928F5}.Debug|x86.Build.0 = Debug|Any CPU
		{5FB683C4-272D-4659-9236-0519EFB928F5}.Release|Any CPU.ActiveCfg = Release|Any CPU
		{5FB683C4-272D-4659-9236-0519EFB928F5}.Release|Any CPU.Build.0 = Release|Any CPU
		{5FB683C4-272D-4659-9236-0519EFB928F5}.Release|x64.ActiveCfg = Release|Any CPU
		{5FB683C4-272D-4659-9236-0519EFB928F5}.Release|x64.Build.0 = Release|Any CPU
		{5FB683C4-272D-4659-9236-0519EFB928F5}.Release|x86.ActiveCfg = Release|Any CPU
		{5FB683C4-272D-4659-9236-0519EFB928F5}.Release|x86.Build.0 = Release|Any CPU
	EndGlobalSection
	GlobalSection(SolutionProperties) = preSolution
		HideSolutionNode = FALSE
	EndGlobalSection
	GlobalSection(NestedProjects) = preSolution
		{721017F8-5DE1-4581-A40B-98F1EF9D5BD7} = {827E0CD3-B72D-47B6-A68D-7590B98EB39B}
		{4655AB9D-0013-44EA-A25E-14F5624050FD} = {827E0CD3-B72D-47B6-A68D-7590B98EB39B}
		{5FB683C4-272D-4659-9236-0519EFB928F5} = {827E0CD3-B72D-47B6-A68D-7590B98EB39B}
	EndGlobalSection
EndGlobal
